
Microsoft Visual Studio Solution File, Format Version 12.00
# Visual Studio Version 16
VisualStudioVersion = 16.0.31321.278
MinimumVisualStudioVersion = 10.0.40219.1
Project("{FAE04EC0-301F-11D3-BF4B-00C04F79EFBC}") = "LCRGame", "LCRGame\LCRGame.csproj", "{EDD70D7C-2E14-438F-BBFB-FF9329DDF22E}"
EndProject
Global
	GlobalSection(SolutionConfigurationPlatforms) = preSolution
		Debug|Any CPU = Debug|Any CPU
		Release|Any CPU = Release|Any CPU
	EndGlobalSection
	GlobalSection(ProjectConfigurationPlatforms) = postSolution
		{EDD70D7C-2E14-438F-BBFB-FF9329DDF22E}.Debug|Any CPU.ActiveCfg = Debug|Any CPU
		{EDD70D7C-2E14-438F-BBFB-FF9329DDF22E}.Debug|Any CPU.Build.0 = Debug|Any CPU
		{EDD70D7C-2E14-438F-BBFB-FF9329DDF22E}.Release|Any CPU.ActiveCfg = Release|Any CPU
		{EDD70D7C-2E14-438F-BBFB-FF9329DDF22E}.Release|Any CPU.Build.0 = Release|Any CPU
	EndGlobalSection
	GlobalSection(SolutionProperties) = preSolution
		HideSolutionNode = FALSE
	EndGlobalSection
	GlobalSection(ExtensibilityGlobals) = postSolution
		SolutionGuid = {80988237-B130-4579-9B45-7F6497101861}
	EndGlobalSection
EndGlobal
